
Microsoft Visual Studio Solution File, Format Version 12.00
# Visual Studio Version 16
VisualStudioVersion = 16.0.31829.152
MinimumVisualStudioVersion = 10.0.40219.1
Project("{FAE04EC0-301F-11D3-BF4B-00C04F79EFBC}") = "MovieBox.API", "MovieBox.API\MovieBox.API.csproj", "{5A86C3AD-979D-4852-B7AF-D64C9856BB03}"
EndProject
Project("{FAE04EC0-301F-11D3-BF4B-00C04F79EFBC}") = "MovieBox.Domain", "MovieBox.Domain\MovieBox.Domain.csproj", "{A1D1D8CB-9FF4-4941-956B-77D01D2C1E53}"
EndProject
Project("{FAE04EC0-301F-11D3-BF4B-00C04F79EFBC}") = "MovieBox.Infrastructure", "MovieBox.Infrastructure\MovieBox.Infrastructure.csproj", "{72491C8B-D313-4D2E-8242-A13172567C49}"
EndProject
Global
	GlobalSection(SolutionConfigurationPlatforms) = preSolution
		Debug|Any CPU = Debug|Any CPU
		Release|Any CPU = Release|Any CPU
	EndGlobalSection
	GlobalSection(ProjectConfigurationPlatforms) = postSolution
		{5A86C3AD-979D-4852-B7AF-D64C9856BB03}.Debug|Any CPU.ActiveCfg = Debug|Any CPU
		{5A86C3AD-979D-4852-B7AF-D64C9856BB03}.Debug|Any CPU.Build.0 = Debug|Any CPU
		{5A86C3AD-979D-4852-B7AF-D64C9856BB03}.Release|Any CPU.ActiveCfg = Release|Any CPU
		{5A86C3AD-979D-4852-B7AF-D64C9856BB03}.Release|Any CPU.Build.0 = Release|Any CPU
		{A1D1D8CB-9FF4-4941-956B-77D01D2C1E53}.Debug|Any CPU.ActiveCfg = Debug|Any CPU
		{A1D1D8CB-9FF4-4941-956B-77D01D2C1E53}.Debug|Any CPU.Build.0 = Debug|Any CPU
		{A1D1D8CB-9FF4-4941-956B-77D01D2C1E53}.Release|Any CPU.ActiveCfg = Release|Any CPU
		{A1D1D8CB-9FF4-4941-956B-77D01D2C1E53}.Release|Any CPU.Build.0 = Release|Any CPU
		{72491C8B-D313-4D2E-8242-A13172567C49}.Debug|Any CPU.ActiveCfg = Debug|Any CPU
		{72491C8B-D313-4D2E-8242-A13172567C49}.Debug|Any CPU.Build.0 = Debug|Any CPU
		{72491C8B-D313-4D2E-8242-A13172567C49}.Release|Any CPU.ActiveCfg = Release|Any CPU
		{72491C8B-D313-4D2E-8242-A13172567C49}.Release|Any CPU.Build.0 = Release|Any CPU
	EndGlobalSection
	GlobalSection(SolutionProperties) = preSolution
		HideSolutionNode = FALSE
	EndGlobalSection
	GlobalSection(ExtensibilityGlobals) = postSolution
		SolutionGuid = {20B8107C-A732-44D2-8CA1-4AC7D0632A08}
	EndGlobalSection
EndGlobal
